
Microsoft Visual Studio Solution File, Format Version 12.00
# Visual Studio Version 17
VisualStudioVersion = 17.0.31903.59
MinimumVisualStudioVersion = 10.0.40219.1
Project("{2150E333-8FDC-42A3-9474-1A3956D46DE8}") = "Solution Items", "Solution Items", "{396E5B08-6D20-4936-86DF-04DAF022658F}"
	ProjectSection(SolutionItems) = preProject
		.editorconfig = .editorconfig
		Directory.Build.props = Directory.Build.props
		Directory.Packages.props = Directory.Packages.props
	EndProjectSection
EndProject
Project("{9A19103F-16F7-4668-BE54-9A1E7A4F7556}") = "UserIpTracker.Api", "src\UserIpTracker.Api\UserIpTracker.Api.csproj", "{1537774F-A953-49FF-AAB5-74179811A087}"
EndProject
Project("{2150E333-8FDC-42A3-9474-1A3956D46DE8}") = "Common", "Common", "{5462C872-1322-46B2-A727-5CEAC75F4A7D}"
EndProject
Project("{9A19103F-16F7-4668-BE54-9A1E7A4F7556}") = "SharedKernel.Domain", "src\SharedKernel.Domain\SharedKernel.Domain.csproj", "{4A7019D7-B9C9-4F7F-91B1-3CA5BD45198D}"
EndProject
Project("{9A19103F-16F7-4668-BE54-9A1E7A4F7556}") = "UserIpTracker.Domain", "src\UserIpTracker.Domain\UserIpTracker.Domain.csproj", "{6EFD4459-93D8-442E-B18A-6B8006FEBA3D}"
EndProject
Project("{9A19103F-16F7-4668-BE54-9A1E7A4F7556}") = "UserIpTracker.Infrastructure", "src\UserIpTracker.Infrastructure\UserIpTracker.Infrastructure.csproj", "{863BD2C0-312C-420E-B71F-804AFFD489DF}"
EndProject
Project("{9A19103F-16F7-4668-BE54-9A1E7A4F7556}") = "UserIpTracker.Application", "src\UserIpTracker.Application\UserIpTracker.Application.csproj", "{F5D60F85-0973-4C53-B27D-8AEA896ED51D}"
EndProject
Project("{E53339B2-1760-4266-BCC7-CA923CBCF16C}") = "docker-compose", "docker-compose.dcproj", "{46BA193F-5F21-44C1-9BAF-580FD385DC55}"
EndProject
Global
	GlobalSection(SolutionConfigurationPlatforms) = preSolution
		Debug|Any CPU = Debug|Any CPU
		Release|Any CPU = Release|Any CPU
	EndGlobalSection
	GlobalSection(ProjectConfigurationPlatforms) = postSolution
		{1537774F-A953-49FF-AAB5-74179811A087}.Debug|Any CPU.ActiveCfg = Debug|Any CPU
		{1537774F-A953-49FF-AAB5-74179811A087}.Debug|Any CPU.Build.0 = Debug|Any CPU
		{1537774F-A953-49FF-AAB5-74179811A087}.Release|Any CPU.ActiveCfg = Release|Any CPU
		{1537774F-A953-49FF-AAB5-74179811A087}.Release|Any CPU.Build.0 = Release|Any CPU
		{4A7019D7-B9C9-4F7F-91B1-3CA5BD45198D}.Debug|Any CPU.ActiveCfg = Debug|Any CPU
		{4A7019D7-B9C9-4F7F-91B1-3CA5BD45198D}.Debug|Any CPU.Build.0 = Debug|Any CPU
		{4A7019D7-B9C9-4F7F-91B1-3CA5BD45198D}.Release|Any CPU.ActiveCfg = Release|Any CPU
		{4A7019D7-B9C9-4F7F-91B1-3CA5BD45198D}.Release|Any CPU.Build.0 = Release|Any CPU
		{6EFD4459-93D8-442E-B18A-6B8006FEBA3D}.Debug|Any CPU.ActiveCfg = Debug|Any CPU
		{6EFD4459-93D8-442E-B18A-6B8006FEBA3D}.Debug|Any CPU.Build.0 = Debug|Any CPU
		{6EFD4459-93D8-442E-B18A-6B8006FEBA3D}.Release|Any CPU.ActiveCfg = Release|Any CPU
		{6EFD4459-93D8-442E-B18A-6B8006FEBA3D}.Release|Any CPU.Build.0 = Release|Any CPU
		{863BD2C0-312C-420E-B71F-804AFFD489DF}.Debug|Any CPU.ActiveCfg = Debug|Any CPU
		{863BD2C0-312C-420E-B71F-804AFFD489DF}.Debug|Any CPU.Build.0 = Debug|Any CPU
		{863BD2C0-312C-420E-B71F-804AFFD489DF}.Release|Any CPU.ActiveCfg = Release|Any CPU
		{863BD2C0-312C-420E-B71F-804AFFD489DF}.Release|Any CPU.Build.0 = Release|Any CPU
		{F5D60F85-0973-4C53-B27D-8AEA896ED51D}.Debug|Any CPU.ActiveCfg = Debug|Any CPU
		{F5D60F85-0973-4C53-B27D-8AEA896ED51D}.Debug|Any CPU.Build.0 = Debug|Any CPU
		{F5D60F85-0973-4C53-B27D-8AEA896ED51D}.Release|Any CPU.ActiveCfg = Release|Any CPU
		{F5D60F85-0973-4C53-B27D-8AEA896ED51D}.Release|Any CPU.Build.0 = Release|Any CPU
		{46BA193F-5F21-44C1-9BAF-580FD385DC55}.Debug|Any CPU.ActiveCfg = Debug|Any CPU
		{46BA193F-5F21-44C1-9BAF-580FD385DC55}.Debug|Any CPU.Build.0 = Debug|Any CPU
		{46BA193F-5F21-44C1-9BAF-580FD385DC55}.Release|Any CPU.ActiveCfg = Release|Any CPU
		{46BA193F-5F21-44C1-9BAF-580FD385DC55}.Release|Any CPU.Build.0 = Release|Any CPU
	EndGlobalSection
	GlobalSection(SolutionProperties) = preSolution
		HideSolutionNode = FALSE
	EndGlobalSection
	GlobalSection(NestedProjects) = preSolution
		{4A7019D7-B9C9-4F7F-91B1-3CA5BD45198D} = {5462C872-1322-46B2-A727-5CEAC75F4A7D}
	EndGlobalSection
	GlobalSection(ExtensibilityGlobals) = postSolution
		SolutionGuid = {74B3C54A-02AB-4664-8878-91F9C543540E}
	EndGlobalSection
EndGlobal
